
Microsoft Visual Studio Solution File, Format Version 12.00
# Visual Studio 15
VisualStudioVersion = 15.0.27428.2015
MinimumVisualStudioVersion = 10.0.40219.1
Project("{FAE04EC0-301F-11D3-BF4B-00C04F79EFBC}") = "SevenAte9", "SevenAte9\SevenAte9.csproj", "{42272766-0B43-4163-8C18-B38DB44062A6}"
EndProject
Project("{FAE04EC0-301F-11D3-BF4B-00C04F79EFBC}") = "Round to the next multiple of 5", "Round to the next multiple of 5\Round to the next multiple of 5.csproj", "{4ED3C4D1-C9A5-4BC5-92A4-18A6E4F81255}"
EndProject
Project("{FAE04EC0-301F-11D3-BF4B-00C04F79EFBC}") = "Remove anchor from URL", "Remove anchor from URL\Remove anchor from URL.csproj", "{A195452C-BA79-46D3-960C-A53C7C7A7946}"
EndProject
Project("{FAE04EC0-301F-11D3-BF4B-00C04F79EFBC}") = "Printer Errors", "Printer Errors\Printer Errors.csproj", "{C30C578B-5CEB-44A4-A560-D9522A0DE646}"
EndProject
Project("{FAE04EC0-301F-11D3-BF4B-00C04F79EFBC}") = "Printer Errors Test", "Printer Errors Test\Printer Errors Test.csproj", "{E8383AC7-B596-469B-97FF-A569D32E99AA}"
EndProject
Project("{2150E333-8FDC-42A3-9474-1A3956D46DE8}") = "PrinterErrors", "PrinterErrors", "{AB936C8E-336A-4FDF-B279-2AFD41BDC58F}"
EndProject
Project("{2150E333-8FDC-42A3-9474-1A3956D46DE8}") = "7 kyu", "7 kyu", "{F7F88704-72A6-464C-B0FC-586DB62A2988}"
EndProject
Global
	GlobalSection(SolutionConfigurationPlatforms) = preSolution
		Debug|Any CPU = Debug|Any CPU
		Release|Any CPU = Release|Any CPU
	EndGlobalSection
	GlobalSection(ProjectConfigurationPlatforms) = postSolution
		{42272766-0B43-4163-8C18-B38DB44062A6}.Debug|Any CPU.ActiveCfg = Debug|Any CPU
		{42272766-0B43-4163-8C18-B38DB44062A6}.Debug|Any CPU.Build.0 = Debug|Any CPU
		{42272766-0B43-4163-8C18-B38DB44062A6}.Release|Any CPU.ActiveCfg = Release|Any CPU
		{42272766-0B43-4163-8C18-B38DB44062A6}.Release|Any CPU.Build.0 = Release|Any CPU
		{4ED3C4D1-C9A5-4BC5-92A4-18A6E4F81255}.Debug|Any CPU.ActiveCfg = Debug|Any CPU
		{4ED3C4D1-C9A5-4BC5-92A4-18A6E4F81255}.Debug|Any CPU.Build.0 = Debug|Any CPU
		{4ED3C4D1-C9A5-4BC5-92A4-18A6E4F81255}.Release|Any CPU.ActiveCfg = Release|Any CPU
		{4ED3C4D1-C9A5-4BC5-92A4-18A6E4F81255}.Release|Any CPU.Build.0 = Release|Any CPU
		{A195452C-BA79-46D3-960C-A53C7C7A7946}.Debug|Any CPU.ActiveCfg = Debug|Any CPU
		{A195452C-BA79-46D3-960C-A53C7C7A7946}.Debug|Any CPU.Build.0 = Debug|Any CPU
		{A195452C-BA79-46D3-960C-A53C7C7A7946}.Release|Any CPU.ActiveCfg = Release|Any CPU
		{A195452C-BA79-46D3-960C-A53C7C7A7946}.Release|Any CPU.Build.0 = Release|Any CPU
		{C30C578B-5CEB-44A4-A560-D9522A0DE646}.Debug|Any CPU.ActiveCfg = Debug|Any CPU
		{C30C578B-5CEB-44A4-A560-D9522A0DE646}.Debug|Any CPU.Build.0 = Debug|Any CPU
		{C30C578B-5CEB-44A4-A560-D9522A0DE646}.Release|Any CPU.ActiveCfg = Release|Any CPU
		{C30C578B-5CEB-44A4-A560-D9522A0DE646}.Release|Any CPU.Build.0 = Release|Any CPU
		{E8383AC7-B596-469B-97FF-A569D32E99AA}.Debug|Any CPU.ActiveCfg = Debug|Any CPU
		{E8383AC7-B596-469B-97FF-A569D32E99AA}.Debug|Any CPU.Build.0 = Debug|Any CPU
		{E8383AC7-B596-469B-97FF-A569D32E99AA}.Release|Any CPU.ActiveCfg = Release|Any CPU
		{E8383AC7-B596-469B-97FF-A569D32E99AA}.Release|Any CPU.Build.0 = Release|Any CPU
	EndGlobalSection
	GlobalSection(SolutionProperties) = preSolution
		HideSolutionNode = FALSE
	EndGlobalSection
	GlobalSection(NestedProjects) = preSolution
		{42272766-0B43-4163-8C18-B38DB44062A6} = {F7F88704-72A6-464C-B0FC-586DB62A2988}
		{4ED3C4D1-C9A5-4BC5-92A4-18A6E4F81255} = {F7F88704-72A6-464C-B0FC-586DB62A2988}
		{A195452C-BA79-46D3-960C-A53C7C7A7946} = {F7F88704-72A6-464C-B0FC-586DB62A2988}
		{C30C578B-5CEB-44A4-A560-D9522A0DE646} = {AB936C8E-336A-4FDF-B279-2AFD41BDC58F}
		{E8383AC7-B596-469B-97FF-A569D32E99AA} = {AB936C8E-336A-4FDF-B279-2AFD41BDC58F}
		{AB936C8E-336A-4FDF-B279-2AFD41BDC58F} = {F7F88704-72A6-464C-B0FC-586DB62A2988}
	EndGlobalSection
	GlobalSection(ExtensibilityGlobals) = postSolution
		SolutionGuid = {F1D0FB84-7796-4059-88B0-C0B6B6CD97BA}
	EndGlobalSection
EndGlobal
