
Microsoft Visual Studio Solution File, Format Version 12.00
# Visual Studio Version 16
VisualStudioVersion = 16.0.30104.148
MinimumVisualStudioVersion = 10.0.40219.1
Project("{9A19103F-16F7-4668-BE54-9A1E7A4F7556}") = "Printer", "Printer\Printer.csproj", "{8E02CBC7-2B3C-45A4-8D77-DE1A33DAE8AA}"
EndProject
Project("{9A19103F-16F7-4668-BE54-9A1E7A4F7556}") = "Printer Test", "Printer Test\Printer Test.csproj", "{A5A55EBE-4BA5-481A-A2FB-7E172EDD7353}"
EndProject
Project("{9A19103F-16F7-4668-BE54-9A1E7A4F7556}") = "Remove anchor from URL", "Remove anchor from URL\Remove anchor from URL.csproj", "{1999FC37-0F8C-4F51-B18D-97BE0B49C084}"
EndProject
Project("{9A19103F-16F7-4668-BE54-9A1E7A4F7556}") = "SevenAte9", "SevenAte9\SevenAte9.csproj", "{A3CB50E3-4701-48A4-B759-D0DA4F0573E5}"
EndProject
Project("{9A19103F-16F7-4668-BE54-9A1E7A4F7556}") = "Round to the next multiple of 5", "Round to the next multiple of 5\Round to the next multiple of 5.csproj", "{85AE62B1-3779-4FED-AB17-5681513DCA93}"
EndProject
Project("{FAE04EC0-301F-11D3-BF4B-00C04F79EFBC}") = "Persistent", "Persistent\Persistent.csproj", "{4A531A80-E3F3-4F7E-953D-622D09156F24}"
EndProject
Project("{FAE04EC0-301F-11D3-BF4B-00C04F79EFBC}") = "Persistent Test", "Persistent Test\Persistent Test.csproj", "{E5AF87DB-630B-4140-9F3F-7FFA0DB4BF84}"
EndProject
Project("{FAE04EC0-301F-11D3-BF4B-00C04F79EFBC}") = "Simple Katas", "Simple Katas\Simple Katas.csproj", "{023B3666-5CEB-41C8-BD6F-20795C52DE15}"
EndProject
Project("{FAE04EC0-301F-11D3-BF4B-00C04F79EFBC}") = "Simple Pig Latin", "Simple Pig Latin\Simple Pig Latin.csproj", "{E55F9E6D-40AF-47F9-8B24-2596F85D0143}"
EndProject
Project("{FAE04EC0-301F-11D3-BF4B-00C04F79EFBC}") = "Simple Pig Latin Test", "Simple Pig Latin Test\Simple Pig Latin Test.csproj", "{2EA4A7C3-420A-4A0F-8BA1-DCA75EFB953C}"
EndProject
Project("{2150E333-8FDC-42A3-9474-1A3956D46DE8}") = "Simple Pig Latin", "Simple Pig Latin", "{CD2FABD0-DCD6-442E-B462-D17B5D4F3972}"
EndProject
Project("{2150E333-8FDC-42A3-9474-1A3956D46DE8}") = "Printer", "Printer", "{3CE114AF-40E9-487F-87BD-B0FFC21400DB}"
EndProject
Project("{2150E333-8FDC-42A3-9474-1A3956D46DE8}") = "Persistent", "Persistent", "{FC61DA39-BE87-46D5-8443-2C01D61AFF0A}"
EndProject
Project("{2150E333-8FDC-42A3-9474-1A3956D46DE8}") = "Katas", "Katas", "{AA35782D-83AF-420A-B8F1-DA3C10C669EC}"
EndProject
Global
	GlobalSection(SolutionConfigurationPlatforms) = preSolution
		Debug|Any CPU = Debug|Any CPU
		Release|Any CPU = Release|Any CPU
	EndGlobalSection
	GlobalSection(ProjectConfigurationPlatforms) = postSolution
		{8E02CBC7-2B3C-45A4-8D77-DE1A33DAE8AA}.Debug|Any CPU.ActiveCfg = Debug|Any CPU
		{8E02CBC7-2B3C-45A4-8D77-DE1A33DAE8AA}.Debug|Any CPU.Build.0 = Debug|Any CPU
		{8E02CBC7-2B3C-45A4-8D77-DE1A33DAE8AA}.Release|Any CPU.ActiveCfg = Release|Any CPU
		{8E02CBC7-2B3C-45A4-8D77-DE1A33DAE8AA}.Release|Any CPU.Build.0 = Release|Any CPU
		{A5A55EBE-4BA5-481A-A2FB-7E172EDD7353}.Debug|Any CPU.ActiveCfg = Debug|Any CPU
		{A5A55EBE-4BA5-481A-A2FB-7E172EDD7353}.Debug|Any CPU.Build.0 = Debug|Any CPU
		{A5A55EBE-4BA5-481A-A2FB-7E172EDD7353}.Release|Any CPU.ActiveCfg = Release|Any CPU
		{A5A55EBE-4BA5-481A-A2FB-7E172EDD7353}.Release|Any CPU.Build.0 = Release|Any CPU
		{1999FC37-0F8C-4F51-B18D-97BE0B49C084}.Debug|Any CPU.ActiveCfg = Debug|Any CPU
		{1999FC37-0F8C-4F51-B18D-97BE0B49C084}.Debug|Any CPU.Build.0 = Debug|Any CPU
		{1999FC37-0F8C-4F51-B18D-97BE0B49C084}.Release|Any CPU.ActiveCfg = Release|Any CPU
		{1999FC37-0F8C-4F51-B18D-97BE0B49C084}.Release|Any CPU.Build.0 = Release|Any CPU
		{A3CB50E3-4701-48A4-B759-D0DA4F0573E5}.Debug|Any CPU.ActiveCfg = Debug|Any CPU
		{A3CB50E3-4701-48A4-B759-D0DA4F0573E5}.Debug|Any CPU.Build.0 = Debug|Any CPU
		{A3CB50E3-4701-48A4-B759-D0DA4F0573E5}.Release|Any CPU.ActiveCfg = Release|Any CPU
		{A3CB50E3-4701-48A4-B759-D0DA4F0573E5}.Release|Any CPU.Build.0 = Release|Any CPU
		{85AE62B1-3779-4FED-AB17-5681513DCA93}.Debug|Any CPU.ActiveCfg = Debug|Any CPU
		{85AE62B1-3779-4FED-AB17-5681513DCA93}.Debug|Any CPU.Build.0 = Debug|Any CPU
		{85AE62B1-3779-4FED-AB17-5681513DCA93}.Release|Any CPU.ActiveCfg = Release|Any CPU
		{85AE62B1-3779-4FED-AB17-5681513DCA93}.Release|Any CPU.Build.0 = Release|Any CPU
		{4A531A80-E3F3-4F7E-953D-622D09156F24}.Debug|Any CPU.ActiveCfg = Debug|Any CPU
		{4A531A80-E3F3-4F7E-953D-622D09156F24}.Debug|Any CPU.Build.0 = Debug|Any CPU
		{4A531A80-E3F3-4F7E-953D-622D09156F24}.Release|Any CPU.ActiveCfg = Release|Any CPU
		{4A531A80-E3F3-4F7E-953D-622D09156F24}.Release|Any CPU.Build.0 = Release|Any CPU
		{E5AF87DB-630B-4140-9F3F-7FFA0DB4BF84}.Debug|Any CPU.ActiveCfg = Debug|Any CPU
		{E5AF87DB-630B-4140-9F3F-7FFA0DB4BF84}.Debug|Any CPU.Build.0 = Debug|Any CPU
		{E5AF87DB-630B-4140-9F3F-7FFA0DB4BF84}.Release|Any CPU.ActiveCfg = Release|Any CPU
		{E5AF87DB-630B-4140-9F3F-7FFA0DB4BF84}.Release|Any CPU.Build.0 = Release|Any CPU
		{023B3666-5CEB-41C8-BD6F-20795C52DE15}.Debug|Any CPU.ActiveCfg = Debug|Any CPU
		{023B3666-5CEB-41C8-BD6F-20795C52DE15}.Debug|Any CPU.Build.0 = Debug|Any CPU
		{023B3666-5CEB-41C8-BD6F-20795C52DE15}.Release|Any CPU.ActiveCfg = Release|Any CPU
		{023B3666-5CEB-41C8-BD6F-20795C52DE15}.Release|Any CPU.Build.0 = Release|Any CPU
		{E55F9E6D-40AF-47F9-8B24-2596F85D0143}.Debug|Any CPU.ActiveCfg = Debug|Any CPU
		{E55F9E6D-40AF-47F9-8B24-2596F85D0143}.Debug|Any CPU.Build.0 = Debug|Any CPU
		{E55F9E6D-40AF-47F9-8B24-2596F85D0143}.Release|Any CPU.ActiveCfg = Release|Any CPU
		{E55F9E6D-40AF-47F9-8B24-2596F85D0143}.Release|Any CPU.Build.0 = Release|Any CPU
		{2EA4A7C3-420A-4A0F-8BA1-DCA75EFB953C}.Debug|Any CPU.ActiveCfg = Debug|Any CPU
		{2EA4A7C3-420A-4A0F-8BA1-DCA75EFB953C}.Debug|Any CPU.Build.0 = Debug|Any CPU
		{2EA4A7C3-420A-4A0F-8BA1-DCA75EFB953C}.Release|Any CPU.ActiveCfg = Release|Any CPU
		{2EA4A7C3-420A-4A0F-8BA1-DCA75EFB953C}.Release|Any CPU.Build.0 = Release|Any CPU
	EndGlobalSection
	GlobalSection(SolutionProperties) = preSolution
		HideSolutionNode = FALSE
	EndGlobalSection
	GlobalSection(ExtensibilityGlobals) = postSolution
		SolutionGuid = {69365BB2-1DBB-4FD8-BCBD-4F572DF5F875}
	EndGlobalSection
	GlobalSection(NestedProjects) = preSolution
		{E55F9E6D-40AF-47F9-8B24-2596F85D0143} = {CD2FABD0-DCD6-442E-B462-D17B5D4F3972}
		{2EA4A7C3-420A-4A0F-8BA1-DCA75EFB953C} = {CD2FABD0-DCD6-442E-B462-D17B5D4F3972}
		{8E02CBC7-2B3C-45A4-8D77-DE1A33DAE8AA} = {3CE114AF-40E9-487F-87BD-B0FFC21400DB}
		{A5A55EBE-4BA5-481A-A2FB-7E172EDD7353} = {3CE114AF-40E9-487F-87BD-B0FFC21400DB}
		{4A531A80-E3F3-4F7E-953D-622D09156F24} = {FC61DA39-BE87-46D5-8443-2C01D61AFF0A}
		{E5AF87DB-630B-4140-9F3F-7FFA0DB4BF84} = {FC61DA39-BE87-46D5-8443-2C01D61AFF0A}
		{1999FC37-0F8C-4F51-B18D-97BE0B49C084} = {AA35782D-83AF-420A-B8F1-DA3C10C669EC}
		{85AE62B1-3779-4FED-AB17-5681513DCA93} = {AA35782D-83AF-420A-B8F1-DA3C10C669EC}
		{A3CB50E3-4701-48A4-B759-D0DA4F0573E5} = {AA35782D-83AF-420A-B8F1-DA3C10C669EC}
		{023B3666-5CEB-41C8-BD6F-20795C52DE15} = {AA35782D-83AF-420A-B8F1-DA3C10C669EC}
	EndGlobalSection
EndGlobal
